
Microsoft Visual Studio Solution File, Format Version 12.00
# Visual Studio 14
VisualStudioVersion = 14.0.25420.1
MinimumVisualStudioVersion = 10.0.40219.1
Project("{FAE04EC0-301F-11D3-BF4B-00C04F79EFBC}") = "my-api-teste", "my-api-teste\my-api-teste.csproj", "{DC850689-FA43-437B-8A91-AF8AB9E281E5}"
EndProject
Project("{2150E333-8FDC-42A3-9474-1A3956D46DE8}") = "Camada", "Camada", "{2C93E1FA-8B78-405B-98BC-17BEDCD57766}"
EndProject
Project("{FAE04EC0-301F-11D3-BF4B-00C04F79EFBC}") = "Bll", "Bll\Bll.csproj", "{7250FD6D-D0CC-43A7-8CBA-9562018862FE}"
EndProject
Project("{FAE04EC0-301F-11D3-BF4B-00C04F79EFBC}") = "Dal", "Dal\Dal.csproj", "{29B47E27-C7BE-42F5-B24F-1C9FECA7F16C}"
EndProject
Project("{FAE04EC0-301F-11D3-BF4B-00C04F79EFBC}") = "Dto", "Dto\Dto.csproj", "{1AD48D6B-1F8F-46C6-B3A1-E5E9F3EB7C44}"
EndProject
Project("{2150E333-8FDC-42A3-9474-1A3956D46DE8}") = "Util", "Util", "{6EFF7391-FCD1-41CD-A481-45C8258E94B3}"
EndProject
Project("{FAE04EC0-301F-11D3-BF4B-00C04F79EFBC}") = "Args", "Args\Args.csproj", "{F1CE64C7-3121-4F9D-A2A7-696E7365E7BF}"
EndProject
Project("{FAE04EC0-301F-11D3-BF4B-00C04F79EFBC}") = "MyAttribute", "Attribute\MyAttribute.csproj", "{8438C838-051F-4E49-AB11-1125C2BAFFE8}"
EndProject
Project("{FAE04EC0-301F-11D3-BF4B-00C04F79EFBC}") = "Base", "Base\Base.csproj", "{4DCF1B00-C36C-480D-A8D9-57F89884158E}"
EndProject
Project("{FAE04EC0-301F-11D3-BF4B-00C04F79EFBC}") = "Enum", "Enum\Enum.csproj", "{F704A77B-CFDC-4DFF-9CA4-F7B4FDA4738A}"
EndProject
Project("{FAE04EC0-301F-11D3-BF4B-00C04F79EFBC}") = "MyException", "Exception\MyException.csproj", "{D04BE0A7-5230-482B-8EBA-2636DAA21A9C}"
EndProject
Project("{FAE04EC0-301F-11D3-BF4B-00C04F79EFBC}") = "Helper", "Helper\Helper.csproj", "{3DC32787-FFED-48CB-92E5-EC1819F98256}"
EndProject
Project("{FAE04EC0-301F-11D3-BF4B-00C04F79EFBC}") = "Interface", "Interface\Interface.csproj", "{42E0FC86-D52B-41F4-BA93-F96096EB1B11}"
EndProject
Project("{FAE04EC0-301F-11D3-BF4B-00C04F79EFBC}") = "Util", "Util\Util.csproj", "{BA38AA52-D7F8-4E2E-B53A-0740F8315D3A}"
EndProject
Project("{2150E333-8FDC-42A3-9474-1A3956D46DE8}") = "DataBase", "DataBase", "{65900555-45E0-451A-8963-261181E4AA77}"
EndProject
Project("{FAE04EC0-301F-11D3-BF4B-00C04F79EFBC}") = "DataBase", "DataBase\DataBase.csproj", "{83197BEF-DE6E-4A0E-857B-D2D8B222A9CC}"
EndProject
Global
	GlobalSection(SolutionConfigurationPlatforms) = preSolution
		Debug|Any CPU = Debug|Any CPU
		Release|Any CPU = Release|Any CPU
	EndGlobalSection
	GlobalSection(ProjectConfigurationPlatforms) = postSolution
		{DC850689-FA43-437B-8A91-AF8AB9E281E5}.Debug|Any CPU.ActiveCfg = Debug|Any CPU
		{DC850689-FA43-437B-8A91-AF8AB9E281E5}.Debug|Any CPU.Build.0 = Debug|Any CPU
		{DC850689-FA43-437B-8A91-AF8AB9E281E5}.Release|Any CPU.ActiveCfg = Release|Any CPU
		{DC850689-FA43-437B-8A91-AF8AB9E281E5}.Release|Any CPU.Build.0 = Release|Any CPU
		{7250FD6D-D0CC-43A7-8CBA-9562018862FE}.Debug|Any CPU.ActiveCfg = Debug|Any CPU
		{7250FD6D-D0CC-43A7-8CBA-9562018862FE}.Debug|Any CPU.Build.0 = Debug|Any CPU
		{7250FD6D-D0CC-43A7-8CBA-9562018862FE}.Release|Any CPU.ActiveCfg = Release|Any CPU
		{7250FD6D-D0CC-43A7-8CBA-9562018862FE}.Release|Any CPU.Build.0 = Release|Any CPU
		{29B47E27-C7BE-42F5-B24F-1C9FECA7F16C}.Debug|Any CPU.ActiveCfg = Debug|Any CPU
		{29B47E27-C7BE-42F5-B24F-1C9FECA7F16C}.Debug|Any CPU.Build.0 = Debug|Any CPU
		{29B47E27-C7BE-42F5-B24F-1C9FECA7F16C}.Release|Any CPU.ActiveCfg = Release|Any CPU
		{29B47E27-C7BE-42F5-B24F-1C9FECA7F16C}.Release|Any CPU.Build.0 = Release|Any CPU
		{1AD48D6B-1F8F-46C6-B3A1-E5E9F3EB7C44}.Debug|Any CPU.ActiveCfg = Debug|Any CPU
		{1AD48D6B-1F8F-46C6-B3A1-E5E9F3EB7C44}.Debug|Any CPU.Build.0 = Debug|Any CPU
		{1AD48D6B-1F8F-46C6-B3A1-E5E9F3EB7C44}.Release|Any CPU.ActiveCfg = Release|Any CPU
		{1AD48D6B-1F8F-46C6-B3A1-E5E9F3EB7C44}.Release|Any CPU.Build.0 = Release|Any CPU
		{F1CE64C7-3121-4F9D-A2A7-696E7365E7BF}.Debug|Any CPU.ActiveCfg = Debug|Any CPU
		{F1CE64C7-3121-4F9D-A2A7-696E7365E7BF}.Debug|Any CPU.Build.0 = Debug|Any CPU
		{F1CE64C7-3121-4F9D-A2A7-696E7365E7BF}.Release|Any CPU.ActiveCfg = Release|Any CPU
		{F1CE64C7-3121-4F9D-A2A7-696E7365E7BF}.Release|Any CPU.Build.0 = Release|Any CPU
		{8438C838-051F-4E49-AB11-1125C2BAFFE8}.Debug|Any CPU.ActiveCfg = Debug|Any CPU
		{8438C838-051F-4E49-AB11-1125C2BAFFE8}.Debug|Any CPU.Build.0 = Debug|Any CPU
		{8438C838-051F-4E49-AB11-1125C2BAFFE8}.Release|Any CPU.ActiveCfg = Release|Any CPU
		{8438C838-051F-4E49-AB11-1125C2BAFFE8}.Release|Any CPU.Build.0 = Release|Any CPU
		{4DCF1B00-C36C-480D-A8D9-57F89884158E}.Debug|Any CPU.ActiveCfg = Debug|Any CPU
		{4DCF1B00-C36C-480D-A8D9-57F89884158E}.Debug|Any CPU.Build.0 = Debug|Any CPU
		{4DCF1B00-C36C-480D-A8D9-57F89884158E}.Release|Any CPU.ActiveCfg = Release|Any CPU
		{4DCF1B00-C36C-480D-A8D9-57F89884158E}.Release|Any CPU.Build.0 = Release|Any CPU
		{F704A77B-CFDC-4DFF-9CA4-F7B4FDA4738A}.Debug|Any CPU.ActiveCfg = Debug|Any CPU
		{F704A77B-CFDC-4DFF-9CA4-F7B4FDA4738A}.Debug|Any CPU.Build.0 = Debug|Any CPU
		{F704A77B-CFDC-4DFF-9CA4-F7B4FDA4738A}.Release|Any CPU.ActiveCfg = Release|Any CPU
		{F704A77B-CFDC-4DFF-9CA4-F7B4FDA4738A}.Release|Any CPU.Build.0 = Release|Any CPU
		{D04BE0A7-5230-482B-8EBA-2636DAA21A9C}.Debug|Any CPU.ActiveCfg = Debug|Any CPU
		{D04BE0A7-5230-482B-8EBA-2636DAA21A9C}.Debug|Any CPU.Build.0 = Debug|Any CPU
		{D04BE0A7-5230-482B-8EBA-2636DAA21A9C}.Release|Any CPU.ActiveCfg = Release|Any CPU
		{D04BE0A7-5230-482B-8EBA-2636DAA21A9C}.Release|Any CPU.Build.0 = Release|Any CPU
		{3DC32787-FFED-48CB-92E5-EC1819F98256}.Debug|Any CPU.ActiveCfg = Debug|Any CPU
		{3DC32787-FFED-48CB-92E5-EC1819F98256}.Debug|Any CPU.Build.0 = Debug|Any CPU
		{3DC32787-FFED-48CB-92E5-EC1819F98256}.Release|Any CPU.ActiveCfg = Release|Any CPU
		{3DC32787-FFED-48CB-92E5-EC1819F98256}.Release|Any CPU.Build.0 = Release|Any CPU
		{42E0FC86-D52B-41F4-BA93-F96096EB1B11}.Debug|Any CPU.ActiveCfg = Debug|Any CPU
		{42E0FC86-D52B-41F4-BA93-F96096EB1B11}.Debug|Any CPU.Build.0 = Debug|Any CPU
		{42E0FC86-D52B-41F4-BA93-F96096EB1B11}.Release|Any CPU.ActiveCfg = Release|Any CPU
		{42E0FC86-D52B-41F4-BA93-F96096EB1B11}.Release|Any CPU.Build.0 = Release|Any CPU
		{BA38AA52-D7F8-4E2E-B53A-0740F8315D3A}.Debug|Any CPU.ActiveCfg = Debug|Any CPU
		{BA38AA52-D7F8-4E2E-B53A-0740F8315D3A}.Debug|Any CPU.Build.0 = Debug|Any CPU
		{BA38AA52-D7F8-4E2E-B53A-0740F8315D3A}.Release|Any CPU.ActiveCfg = Release|Any CPU
		{BA38AA52-D7F8-4E2E-B53A-0740F8315D3A}.Release|Any CPU.Build.0 = Release|Any CPU
		{83197BEF-DE6E-4A0E-857B-D2D8B222A9CC}.Debug|Any CPU.ActiveCfg = Debug|Any CPU
		{83197BEF-DE6E-4A0E-857B-D2D8B222A9CC}.Debug|Any CPU.Build.0 = Debug|Any CPU
		{83197BEF-DE6E-4A0E-857B-D2D8B222A9CC}.Release|Any CPU.ActiveCfg = Release|Any CPU
		{83197BEF-DE6E-4A0E-857B-D2D8B222A9CC}.Release|Any CPU.Build.0 = Release|Any CPU
	EndGlobalSection
	GlobalSection(SolutionProperties) = preSolution
		HideSolutionNode = FALSE
	EndGlobalSection
	GlobalSection(NestedProjects) = preSolution
		{7250FD6D-D0CC-43A7-8CBA-9562018862FE} = {2C93E1FA-8B78-405B-98BC-17BEDCD57766}
		{29B47E27-C7BE-42F5-B24F-1C9FECA7F16C} = {2C93E1FA-8B78-405B-98BC-17BEDCD57766}
		{1AD48D6B-1F8F-46C6-B3A1-E5E9F3EB7C44} = {2C93E1FA-8B78-405B-98BC-17BEDCD57766}
		{F1CE64C7-3121-4F9D-A2A7-696E7365E7BF} = {6EFF7391-FCD1-41CD-A481-45C8258E94B3}
		{8438C838-051F-4E49-AB11-1125C2BAFFE8} = {6EFF7391-FCD1-41CD-A481-45C8258E94B3}
		{4DCF1B00-C36C-480D-A8D9-57F89884158E} = {6EFF7391-FCD1-41CD-A481-45C8258E94B3}
		{F704A77B-CFDC-4DFF-9CA4-F7B4FDA4738A} = {6EFF7391-FCD1-41CD-A481-45C8258E94B3}
		{D04BE0A7-5230-482B-8EBA-2636DAA21A9C} = {6EFF7391-FCD1-41CD-A481-45C8258E94B3}
		{3DC32787-FFED-48CB-92E5-EC1819F98256} = {6EFF7391-FCD1-41CD-A481-45C8258E94B3}
		{42E0FC86-D52B-41F4-BA93-F96096EB1B11} = {6EFF7391-FCD1-41CD-A481-45C8258E94B3}
		{BA38AA52-D7F8-4E2E-B53A-0740F8315D3A} = {6EFF7391-FCD1-41CD-A481-45C8258E94B3}
		{83197BEF-DE6E-4A0E-857B-D2D8B222A9CC} = {65900555-45E0-451A-8963-261181E4AA77}
	EndGlobalSection
EndGlobal
